// !$*UTF8*$!
{
	archiveVersion = 1;
	classes = {
	};
	objectVersion = 46;
	objects = {

/* Begin PBXBuildFile section */
		B7EF6544193221C500974280 /* Foundation.framework in Frameworks */ = {isa = PBXBuildFile; fileRef = B7EF6543193221C500974280 /* Foundation.framework */; };
		B7EF6546193221C500974280 /* CoreGraphics.framework in Frameworks */ = {isa = PBXBuildFile; fileRef = B7EF6545193221C500974280 /* CoreGraphics.framework */; };
		B7EF6548193221C500974280 /* UIKit.framework in Frameworks */ = {isa = PBXBuildFile; fileRef = B7EF6547193221C500974280 /* UIKit.framework */; };
		B7EF654E193221C500974280 /* InfoPlist.strings in Resources */ = {isa = PBXBuildFile; fileRef = B7EF654C193221C500974280 /* InfoPlist.strings */; };
		B7EF6550193221C500974280 /* main.m in Sources */ = {isa = PBXBuildFile; fileRef = B7EF654F193221C500974280 /* main.m */; };
		B7EF6554193221C500974280 /* CCAppDelegate.m in Sources */ = {isa = PBXBuildFile; fileRef = B7EF6553193221C500974280 /* CCAppDelegate.m */; };
		B7EF6557193221C500974280 /* Main.storyboard in Resources */ = {isa = PBXBuildFile; fileRef = B7EF6555193221C500974280 /* Main.storyboard */; };
		B7EF655A193221C500974280 /* CCFirstViewController.m in Sources */ = {isa = PBXBuildFile; fileRef = B7EF6559193221C500974280 /* CCFirstViewController.m */; };
		B7EF655D193221C500974280 /* CCSecondViewController.m in Sources */ = {isa = PBXBuildFile; fileRef = B7EF655C193221C500974280 /* CCSecondViewController.m */; };
		B7EF655F193221C500974280 /* Images.xcassets in Resources */ = {isa = PBXBuildFile; fileRef = B7EF655E193221C500974280 /* Images.xcassets */; };
		B7EF6566193221C500974280 /* XCTest.framework in Frameworks */ = {isa = PBXBuildFile; fileRef = B7EF6565193221C500974280 /* XCTest.framework */; };
		B7EF6567193221C500974280 /* Foundation.framework in Frameworks */ = {isa = PBXBuildFile; fileRef = B7EF6543193221C500974280 /* Foundation.framework */; };
		B7EF6568193221C500974280 /* UIKit.framework in Frameworks */ = {isa = PBXBuildFile; fileRef = B7EF6547193221C500974280 /* UIKit.framework */; };
		B7EF6570193221C500974280 /* InfoPlist.strings in Resources */ = {isa = PBXBuildFile; fileRef = B7EF656E193221C500974280 /* InfoPlist.strings */; };
		B7EF6572193221C500974280 /* MatchedUpTests.m in Sources */ = {isa = PBXBuildFile; fileRef = B7EF6571193221C500974280 /* MatchedUpTests.m */; };
/* End PBXBuildFile section */

/* Begin PBXContainerItemProxy section */
		B7EF6569193221C500974280 /* PBXContainerItemProxy */ = {
			isa = PBXContainerItemProxy;
			containerPortal = B7EF6538193221C500974280 /* Project object */;
			proxyType = 1;
			remoteGlobalIDString = B7EF653F193221C500974280;
			remoteInfo = MatchedUp;
		};
/* End PBXContainerItemProxy section */

/* Begin PBXFileReference section */
		B7EF6540193221C500974280 /* MatchedUp.app */ = {isa = PBXFileReference; explicitFileType = wrapper.application; includeInIndex = 0; path = MatchedUp.app; sourceTree = BUILT_PRODUCTS_DIR; };
		B7EF6543193221C500974280 /* Foundation.framework */ = {isa = PBXFileReference; lastKnownFileType = wrapper.framework; name = Foundation.framework; path = System/Library/Frameworks/Foundation.framework; sourceTree = SDKROOT; };
		B7EF6545193221C500974280 /* CoreGraphics.framework */ = {isa = PBXFileReference; lastKnownFileType = wrapper.framework; name = CoreGraphics.framework; path = System/Library/Frameworks/CoreGraphics.framework; sourceTree = SDKROOT; };
		B7EF6547193221C500974280 /* UIKit.framework */ = {isa = PBXFileReference; lastKnownFileType = wrapper.framework; name = UIKit.framework; path = System/Library/Frameworks/UIKit.framework; sourceTree = SDKROOT; };
		B7EF654B193221C500974280 /* MatchedUp-Info.plist */ = {isa = PBXFileReference; lastKnownFileType = text.plist.xml; path = "MatchedUp-Info.plist"; sourceTree = "<group>"; };
		B7EF654D193221C500974280 /* en */ = {isa = PBXFileReference; lastKnownFileType = text.plist.strings; name = en; path = en.lproj/InfoPlist.strings; sourceTree = "<group>"; };
		B7EF654F193221C500974280 /* main.m */ = {isa = PBXFileReference; lastKnownFileType = sourcecode.c.objc; path = main.m; sourceTree = "<group>"; };
		B7EF6551193221C500974280 /* MatchedUp-Prefix.pch */ = {isa = PBXFileReference; lastKnownFileType = sourcecode.c.h; path = "MatchedUp-Prefix.pch"; sourceTree = "<group>"; };
		B7EF6552193221C500974280 /* CCAppDelegate.h */ = {isa = PBXFileReference; lastKnownFileType = sourcecode.c.h; path = CCAppDelegate.h; sourceTree = "<group>"; };
		B7EF6553193221C500974280 /* CCAppDelegate.m */ = {isa = PBXFileReference; lastKnownFileType = sourcecode.c.objc; path = CCAppDelegate.m; sourceTree = "<group>"; };
		B7EF6556193221C500974280 /* Base */ = {isa = PBXFileReference; lastKnownFileType = file.storyboard; name = Base; path = Base.lproj/Main.storyboard; sourceTree = "<group>"; };
		B7EF6558193221C500974280 /* CCFirstViewController.h */ = {isa = PBXFileReference; lastKnownFileType = sourcecode.c.h; path = CCFirstViewController.h; sourceTree = "<group>"; };
		B7EF6559193221C500974280 /* CCFirstViewController.m */ = {isa = PBXFileReference; lastKnownFileType = sourcecode.c.objc; path = CCFirstViewController.m; sourceTree = "<group>"; };
		B7EF655B193221C500974280 /* CCSecondViewController.h */ = {isa = PBXFileReference; lastKnownFileType = sourcecode.c.h; path = CCSecondViewController.h; sourceTree = "<group>"; };
		B7EF655C193221C500974280 /* CCSecondViewController.m */ = {isa = PBXFileReference; lastKnownFileType = sourcecode.c.objc; path = CCSecondViewController.m; sourceTree = "<group>"; };
		B7EF655E193221C500974280 /* Images.xcassets */ = {isa = PBXFileReference; lastKnownFileType = folder.assetcatalog; path = Images.xcassets; sourceTree = "<group>"; };
		B7EF6564193221C500974280 /* MatchedUpTests.xctest */ = {isa = PBXFileReference; explicitFileType = wrapper.cfbundle; includeInIndex = 0; path = MatchedUpTests.xctest; sourceTree = BUILT_PRODUCTS_DIR; };
		B7EF6565193221C500974280 /* XCTest.framework */ = {isa = PBXFileReference; lastKnownFileType = wrapper.framework; name = XCTest.framework; path = Library/Frameworks/XCTest.framework; sourceTree = DEVELOPER_DIR; };
		B7EF656D193221C500974280 /* MatchedUpTests-Info.plist */ = {isa = PBXFileReference; lastKnownFileType = text.plist.xml; path = "MatchedUpTests-Info.plist"; sourceTree = "<group>"; };
		B7EF656F193221C500974280 /* en */ = {isa = PBXFileReference; lastKnownFileType = text.plist.strings; name = en; path = en.lproj/InfoPlist.strings; sourceTree = "<group>"; };
		B7EF6571193221C500974280 /* MatchedUpTests.m */ = {isa = PBXFileReference; lastKnownFileType = sourcecode.c.objc; path = MatchedUpTests.m; sourceTree = "<group>"; };
/* End PBXFileReference section */

/* Begin PBXFrameworksBuildPhase section */
		B7EF653D193221C500974280 /* Frameworks */ = {
			isa = PBXFrameworksBuildPhase;
			buildActionMask = 2147483647;
			files = (
				B7EF6546193221C500974280 /* CoreGraphics.framework in Frameworks */,
				B7EF6548193221C500974280 /* UIKit.framework in Frameworks */,
				B7EF6544193221C500974280 /* Foundation.framework in Frameworks */,
			);
			runOnlyForDeploymentPostprocessing = 0;
		};
		B7EF6561193221C500974280 /* Frameworks */ = {
			isa = PBXFrameworksBuildPhase;
			buildActionMask = 2147483647;
			files = (
				B7EF6566193221C500974280 /* XCTest.framework in Frameworks */,
				B7EF6568193221C500974280 /* UIKit.framework in Frameworks */,
				B7EF6567193221C500974280 /* Foundation.framework in Frameworks */,
			);
			runOnlyForDeploymentPostprocessing = 0;
		};
/* End PBXFrameworksBuildPhase section */

/* Begin PBXGroup section */
		B7EF6537193221C400974280 = {
			isa = PBXGroup;
			children = (
				B7EF6549193221C500974280 /* MatchedUp */,
				B7EF656B193221C500974280 /* MatchedUpTests */,
				B7EF6542193221C500974280 /* Frameworks */,
				B7EF6541193221C500974280 /* Products */,
			);
			sourceTree = "<group>";
		};
		B7EF6541193221C500974280 /* Products */ = {
			isa = PBXGroup;
			children = (
				B7EF6540193221C500974280 /* MatchedUp.app */,
				B7EF6564193221C500974280 /* MatchedUpTests.xctest */,
			);
			name = Products;
			sourceTree = "<group>";
		};
		B7EF6542193221C500974280 /* Frameworks */ = {
			isa = PBXGroup;
			children = (
				B7EF6543193221C500974280 /* Foundation.framework */,
				B7EF6545193221C500974280 /* CoreGraphics.framework */,
				B7EF6547193221C500974280 /* UIKit.framework */,
				B7EF6565193221C500974280 /* XCTest.framework */,
			);
			name = Frameworks;
			sourceTree = "<group>";
		};
		B7EF6549193221C500974280 /* MatchedUp */ = {
			isa = PBXGroup;
			children = (
				B7EF6552193221C500974280 /* CCAppDelegate.h */,
				B7EF6553193221C500974280 /* CCAppDelegate.m */,
				B7EF6555193221C500974280 /* Main.storyboard */,
				B7EF6558193221C500974280 /* CCFirstViewController.h */,
				B7EF6559193221C500974280 /* CCFirstViewController.m */,
				B7EF655B193221C500974280 /* CCSecondViewController.h */,
				B7EF655C193221C500974280 /* CCSecondViewController.m */,
				B7EF655E193221C500974280 /* Images.xcassets */,
				B7EF654A193221C500974280 /* Supporting Files */,
			);
			path = MatchedUp;
			sourceTree = "<group>";
		};
		B7EF654A193221C500974280 /* Supporting Files */ = {
			isa = PBXGroup;
			children = (
				B7EF654B193221C500974280 /* MatchedUp-Info.plist */,
				B7EF654C193221C500974280 /* InfoPlist.strings */,
				B7EF654F193221C500974280 /* main.m */,
				B7EF6551193221C500974280 /* MatchedUp-Prefix.pch */,
			);
			name = "Supporting Files";
			sourceTree = "<group>";
		};
		B7EF656B193221C500974280 /* MatchedUpTests */ = {
			isa = PBXGroup;
			children = (
				B7EF6571193221C500974280 /* MatchedUpTests.m */,
				B7EF656C193221C500974280 /* Supporting Files */,
			);
			path = MatchedUpTests;
			sourceTree = "<group>";
		};
		B7EF656C193221C500974280 /* Supporting Files */ = {
			isa = PBXGroup;
			children = (
				B7EF656D193221C500974280 /* MatchedUpTests-Info.plist */,
				B7EF656E193221C500974280 /* InfoPlist.strings */,
			);
			name = "Supporting Files";
			sourceTree = "<group>";
		};
/* End PBXGroup section */

/* Begin PBXNativeTarget section */
		B7EF653F193221C500974280 /* MatchedUp */ = {
			isa = PBXNativeTarget;
			buildConfigurationList = B7EF6575193221C500974280 /* Build configuration list for PBXNativeTarget "MatchedUp" */;
			buildPhases = (
				B7EF653C193221C500974280 /* Sources */,
				B7EF653D193221C500974280 /* Frameworks */,
				B7EF653E193221C500974280 /* Resources */,
			);
			buildRules = (
			);
			dependencies = (
			);
			name = MatchedUp;
			productName = MatchedUp;
			productReference = B7EF6540193221C500974280 /* MatchedUp.app */;
			productType = "com.apple.product-type.application";
		};
		B7EF6563193221C500974280 /* MatchedUpTests */ = {
			isa = PBXNativeTarget;
			buildConfigurationList = B7EF6578193221C500974280 /* Build configuration list for PBXNativeTarget "MatchedUpTests" */;
			buildPhases = (
				B7EF6560193221C500974280 /* Sources */,
				B7EF6561193221C500974280 /* Frameworks */,
				B7EF6562193221C500974280 /* Resources */,
			);
			buildRules = (
			);
			dependencies = (
				B7EF656A193221C500974280 /* PBXTargetDependency */,
			);
			name = MatchedUpTests;
			productName = MatchedUpTests;
			productReference = B7EF6564193221C500974280 /* MatchedUpTests.xctest */;
			productType = "com.apple.product-type.bundle.unit-test";
		};
/* End PBXNativeTarget section */

/* Begin PBXProject section */
		B7EF6538193221C500974280 /* Project object */ = {
			isa = PBXProject;
			attributes = {
				CLASSPREFIX = CC;
				LastUpgradeCheck = 0510;
				ORGANIZATIONNAME = Airbyte;
				TargetAttributes = {
					B7EF6563193221C500974280 = {
						TestTargetID = B7EF653F193221C500974280;
					};
				};
			};
			buildConfigurationList = B7EF653B193221C500974280 /* Build configuration list for PBXProject "MatchedUp" */;
			compatibilityVersion = "Xcode 3.2";
			developmentRegion = English;
			hasScannedForEncodings = 0;
			knownRegions = (
				en,
				Base,
			);
			mainGroup = B7EF6537193221C400974280;
			productRefGroup = B7EF6541193221C500974280 /* Products */;
			projectDirPath = "";
			projectRoot = "";
			targets = (
				B7EF653F193221C500974280 /* MatchedUp */,
				B7EF6563193221C500974280 /* MatchedUpTests */,
			);
		};
/* End PBXProject section */

/* Begin PBXResourcesBuildPhase section */
		B7EF653E193221C500974280 /* Resources */ = {
			isa = PBXResourcesBuildPhase;
			buildActionMask = 2147483647;
			files = (
				B7EF655F193221C500974280 /* Images.xcassets in Resources */,
				B7EF654E193221C500974280 /* InfoPlist.strings in Resources */,
				B7EF6557193221C500974280 /* Main.storyboard in Resources */,
			);
			runOnlyForDeploymentPostprocessing = 0;
		};
		B7EF6562193221C500974280 /* Resources */ = {
			isa = PBXResourcesBuildPhase;
			buildActionMask = 2147483647;
			files = (
				B7EF6570193221C500974280 /* InfoPlist.strings in Resources */,
			);
			runOnlyForDeploymentPostprocessing = 0;
		};
/* End PBXResourcesBuildPhase section */

/* Begin PBXSourcesBuildPhase section */
		B7EF653C193221C500974280 /* Sources */ = {
			isa = PBXSourcesBuildPhase;
			buildActionMask = 2147483647;
			files = (
				B7EF655D193221C500974280 /* CCSecondViewController.m in Sources */,
				B7EF6554193221C500974280 /* CCAppDelegate.m in Sources */,
				B7EF655A193221C500974280 /* CCFirstViewController.m in Sources */,
				B7EF6550193221C500974280 /* main.m in Sources */,
			);
			runOnlyForDeploymentPostprocessing = 0;
		};
		B7EF6560193221C500974280 /* Sources */ = {
			isa = PBXSourcesBuildPhase;
			buildActionMask = 2147483647;
			files = (
				B7EF6572193221C500974280 /* MatchedUpTests.m in Sources */,
			);
			runOnlyForDeploymentPostprocessing = 0;
		};
/* End PBXSourcesBuildPhase section */

/* Begin PBXTargetDependency section */
		B7EF656A193221C500974280 /* PBXTargetDependency */ = {
			isa = PBXTargetDependency;
			target = B7EF653F193221C500974280 /* MatchedUp */;
			targetProxy = B7EF6569193221C500974280 /* PBXContainerItemProxy */;
		};
/* End PBXTargetDependency section */

/* Begin PBXVariantGroup section */
		B7EF654C193221C500974280 /* InfoPlist.strings */ = {
			isa = PBXVariantGroup;
			children = (
				B7EF654D193221C500974280 /* en */,
			);
			name = InfoPlist.strings;
			sourceTree = "<group>";
		};
		B7EF6555193221C500974280 /* Main.storyboard */ = {
			isa = PBXVariantGroup;
			children = (
				B7EF6556193221C500974280 /* Base */,
			);
			name = Main.storyboard;
			sourceTree = "<group>";
		};
		B7EF656E193221C500974280 /* InfoPlist.strings */ = {
			isa = PBXVariantGroup;
			children = (
				B7EF656F193221C500974280 /* en */,
			);
			name = InfoPlist.strings;
			sourceTree = "<group>";
		};
/* End PBXVariantGroup section */

/* Begin XCBuildConfiguration section */
		B7EF6573193221C500974280 /* Debug */ = {
			isa = XCBuildConfiguration;
			buildSettings = {
				ALWAYS_SEARCH_USER_PATHS = NO;
				CLANG_CXX_LANGUAGE_STANDARD = "gnu++0x";
				CLANG_CXX_LIBRARY = "libc++";
				CLANG_ENABLE_MODULES = YES;
				CLANG_ENABLE_OBJC_ARC = YES;
				CLANG_WARN_BOOL_CONVERSION = YES;
				CLANG_WARN_CONSTANT_CONVERSION = YES;
				CLANG_WARN_DIRECT_OBJC_ISA_USAGE = YES_ERROR;
				CLANG_WARN_EMPTY_BODY = YES;
				CLANG_WARN_ENUM_CONVERSION = YES;
				CLANG_WARN_INT_CONVERSION = YES;
				CLANG_WARN_OBJC_ROOT_CLASS = YES_ERROR;
				CLANG_WARN__DUPLICATE_METHOD_MATCH = YES;
				"CODE_SIGN_IDENTITY[sdk=iphoneos*]" = "iPhone Developer";
				COPY_PHASE_STRIP = NO;
				GCC_C_LANGUAGE_STANDARD = gnu99;
				GCC_DYNAMIC_NO_PIC = NO;
				GCC_OPTIMIZATION_LEVEL = 0;
				GCC_PREPROCESSOR_DEFINITIONS = (
					"DEBUG=1",
					"$(inherited)",
				);
				GCC_SYMBOLS_PRIVATE_EXTERN = NO;
				GCC_WARN_64_TO_32_BIT_CONVERSION = YES;
				GCC_WARN_ABOUT_RETURN_TYPE = YES_ERROR;
				GCC_WARN_UNDECLARED_SELECTOR = YES;
				GCC_WARN_UNINITIALIZED_AUTOS = YES_AGGRESSIVE;
				GCC_WARN_UNUSED_FUNCTION = YES;
				GCC_WARN_UNUSED_VARIABLE = YES;
				IPHONEOS_DEPLOYMENT_TARGET = 7.1;
				ONLY_ACTIVE_ARCH = YES;
				SDKROOT = iphoneos;
			};
			name = Debug;
		};
		B7EF6574193221C500974280 /* Release */ = {
			isa = XCBuildConfiguration;
			buildSettings = {
				ALWAYS_SEARCH_USER_PATHS = NO;
				CLANG_CXX_LANGUAGE_STANDARD = "gnu++0x";
				CLANG_CXX_LIBRARY = "libc++";
				CLANG_ENABLE_MODULES = YES;
				CLANG_ENABLE_OBJC_ARC = YES;
				CLANG_WARN_BOOL_CONVERSION = YES;
				CLANG_WARN_CONSTANT_CONVERSION = YES;
				CLANG_WARN_DIRECT_OBJC_ISA_USAGE = YES_ERROR;
				CLANG_WARN_EMPTY_BODY = YES;
				CLANG_WARN_ENUM_CONVERSION = YES;
				CLANG_WARN_INT_CONVERSION = YES;
				CLANG_WARN_OBJC_ROOT_CLASS = YES_ERROR;
				CLANG_WARN__DUPLICATE_METHOD_MATCH = YES;
				"CODE_SIGN_IDENTITY[sdk=iphoneos*]" = "iPhone Developer";
				COPY_PHASE_STRIP = YES;
				ENABLE_NS_ASSERTIONS = NO;
				GCC_C_LANGUAGE_STANDARD = gnu99;
				GCC_WARN_64_TO_32_BIT_CONVERSION = YES;
				GCC_WARN_ABOUT_RETURN_TYPE = YES_ERROR;
				GCC_WARN_UNDECLARED_SELECTOR = YES;
				GCC_WARN_UNINITIALIZED_AUTOS = YES_AGGRESSIVE;
				GCC_WARN_UNUSED_FUNCTION = YES;
				GCC_WARN_UNUSED_VARIABLE = YES;
				IPHONEOS_DEPLOYMENT_TARGET = 7.1;
				SDKROOT = iphoneos;
				VALIDATE_PRODUCT = YES;
			};
			name = Release;
		};
		B7EF6576193221C500974280 /* Debug */ = {
			isa = XCBuildConfiguration;
			buildSettings = {
				ASSETCATALOG_COMPILER_APPICON_NAME = AppIcon;
				ASSETCATALOG_COMPILER_LAUNCHIMAGE_NAME = LaunchImage;
				GCC_PRECOMPILE_PREFIX_HEADER = YES;
				GCC_PREFIX_HEADER = "MatchedUp/MatchedUp-Prefix.pch";
				INFOPLIST_FILE = "MatchedUp/MatchedUp-Info.plist";
				PRODUCT_NAME = "$(TARGET_NAME)";
				WRAPPER_EXTENSION = app;
			};
			name = Debug;
		};
		B7EF6577193221C500974280 /* Release */ = {
			isa = XCBuildConfiguration;
			buildSettings = {
				ASSETCATALOG_COMPILER_APPICON_NAME = AppIcon;
				ASSETCATALOG_COMPILER_LAUNCHIMAGE_NAME = LaunchImage;
				GCC_PRECOMPILE_PREFIX_HEADER = YES;
				GCC_PREFIX_HEADER = "MatchedUp/MatchedUp-Prefix.pch";
				INFOPLIST_FILE = "MatchedUp/MatchedUp-Info.plist";
				PRODUCT_NAME = "$(TARGET_NAME)";
				WRAPPER_EXTENSION = app;
			};
			name = Release;
		};
		B7EF6579193221C500974280 /* Debug */ = {
			isa = XCBuildConfiguration;
			buildSettings = {
				BUNDLE_LOADER = "$(BUILT_PRODUCTS_DIR)/MatchedUp.app/MatchedUp";
				FRAMEWORK_SEARCH_PATHS = (
					"$(SDKROOT)/Developer/Library/Frameworks",
					"$(inherited)",
					"$(DEVELOPER_FRAMEWORKS_DIR)",
				);
				GCC_PRECOMPILE_PREFIX_HEADER = YES;
				GCC_PREFIX_HEADER = "MatchedUp/MatchedUp-Prefix.pch";
				GCC_PREPROCESSOR_DEFINITIONS = (
					"DEBUG=1",
					"$(inherited)",
				);
				INFOPLIST_FILE = "MatchedUpTests/MatchedUpTests-Info.plist";
				PRODUCT_NAME = "$(TARGET_NAME)";
				TEST_HOST = "$(BUNDLE_LOADER)";
				WRAPPER_EXTENSION = xctest;
			};
			name = Debug;
		};
		B7EF657A193221C500974280 /* Release */ = {
			isa = XCBuildConfiguration;
			buildSettings = {
				BUNDLE_LOADER = "$(BUILT_PRODUCTS_DIR)/MatchedUp.app/MatchedUp";
				FRAMEWORK_SEARCH_PATHS = (
					"$(SDKROOT)/Developer/Library/Frameworks",
					"$(inherited)",
					"$(DEVELOPER_FRAMEWORKS_DIR)",
				);
				GCC_PRECOMPILE_PREFIX_HEADER = YES;
				GCC_PREFIX_HEADER = "MatchedUp/MatchedUp-Prefix.pch";
				INFOPLIST_FILE = "MatchedUpTests/MatchedUpTests-Info.plist";
				PRODUCT_NAME = "$(TARGET_NAME)";
				TEST_HOST = "$(BUNDLE_LOADER)";
				WRAPPER_EXTENSION = xctest;
			};
			name = Release;
		};
/* End XCBuildConfiguration section */

/* Begin XCConfigurationList section */
		B7EF653B193221C500974280 /* Build configuration list for PBXProject "MatchedUp" */ = {
			isa = XCConfigurationList;
			buildConfigurations = (
				B7EF6573193221C500974280 /* Debug */,
				B7EF6574193221C500974280 /* Release */,
			);
			defaultConfigurationIsVisible = 0;
			defaultConfigurationName = Release;
		};
		B7EF6575193221C500974280 /* Build configuration list for PBXNativeTarget "MatchedUp" */ = {
			isa = XCConfigurationList;
			buildConfigurations = (
				B7EF6576193221C500974280 /* Debug */,
				B7EF6577193221C500974280 /* Release */,
			);
			defaultConfigurationIsVisible = 0;
		};
		B7EF6578193221C500974280 /* Build configuration list for PBXNativeTarget "MatchedUpTests" */ = {
			isa = XCConfigurationList;
			buildConfigurations = (
				B7EF6579193221C500974280 /* Debug */,
				B7EF657A193221C500974280 /* Release */,
			);
			defaultConfigurationIsVisible = 0;
		};
/* End XCConfigurationList section */
	};
	rootObject = B7EF6538193221C500974280 /* Project object */;
}
